
Microsoft Visual Studio Solution File, Format Version 12.00
# Visual Studio 14
VisualStudioVersion = 14.0.25123.0
MinimumVisualStudioVersion = 10.0.40219.1
Project("{FAE04EC0-301F-11D3-BF4B-00C04F79EFBC}") = "FloodPing.Droid", "FloodPing\FloodPing.Droid\FloodPing.Droid.csproj", "{9F6DA177-499C-4148-8FE4-6A2C9F1E3960}"
EndProject
Project("{FAE04EC0-301F-11D3-BF4B-00C04F79EFBC}") = "FloodPing.iOS", "FloodPing\FloodPing.iOS\FloodPing.iOS.csproj", "{9D1CB95F-1631-4CF5-9E67-4B2993D90351}"
EndProject
Project("{FAE04EC0-301F-11D3-BF4B-00C04F79EFBC}") = "FloodPing", "FloodPing\FloodPing\FloodPing.csproj", "{917DC672-9A48-4410-849A-18729ECE7550}"
EndProject
Global
	GlobalSection(SolutionConfigurationPlatforms) = preSolution
		Ad-Hoc|Any CPU = Ad-Hoc|Any CPU
		Ad-Hoc|ARM = Ad-Hoc|ARM
		Ad-Hoc|iPhone = Ad-Hoc|iPhone
		Ad-Hoc|iPhoneSimulator = Ad-Hoc|iPhoneSimulator
		Ad-Hoc|x64 = Ad-Hoc|x64
		Ad-Hoc|x86 = Ad-Hoc|x86
		AppStore|Any CPU = AppStore|Any CPU
		AppStore|ARM = AppStore|ARM
		AppStore|iPhone = AppStore|iPhone
		AppStore|iPhoneSimulator = AppStore|iPhoneSimulator
		AppStore|x64 = AppStore|x64
		AppStore|x86 = AppStore|x86
		Debug|Any CPU = Debug|Any CPU
		Debug|ARM = Debug|ARM
		Debug|iPhone = Debug|iPhone
		Debug|iPhoneSimulator = Debug|iPhoneSimulator
		Debug|x64 = Debug|x64
		Debug|x86 = Debug|x86
		Release|Any CPU = Release|Any CPU
		Release|ARM = Release|ARM
		Release|iPhone = Release|iPhone
		Release|iPhoneSimulator = Release|iPhoneSimulator
		Release|x64 = Release|x64
		Release|x86 = Release|x86
	EndGlobalSection
	GlobalSection(ProjectConfigurationPlatforms) = postSolution
		{9F6DA177-499C-4148-8FE4-6A2C9F1E3960}.Ad-Hoc|Any CPU.ActiveCfg = Release|Any CPU
		{9F6DA177-499C-4148-8FE4-6A2C9F1E3960}.Ad-Hoc|Any CPU.Build.0 = Release|Any CPU
		{9F6DA177-499C-4148-8FE4-6A2C9F1E3960}.Ad-Hoc|Any CPU.Deploy.0 = Release|Any CPU
		{9F6DA177-499C-4148-8FE4-6A2C9F1E3960}.Ad-Hoc|ARM.ActiveCfg = Release|Any CPU
		{9F6DA177-499C-4148-8FE4-6A2C9F1E3960}.Ad-Hoc|ARM.Build.0 = Release|Any CPU
		{9F6DA177-499C-4148-8FE4-6A2C9F1E3960}.Ad-Hoc|ARM.Deploy.0 = Release|Any CPU
		{9F6DA177-499C-4148-8FE4-6A2C9F1E3960}.Ad-Hoc|iPhone.ActiveCfg = Release|Any CPU
		{9F6DA177-499C-4148-8FE4-6A2C9F1E3960}.Ad-Hoc|iPhone.Build.0 = Release|Any CPU
		{9F6DA177-499C-4148-8FE4-6A2C9F1E3960}.Ad-Hoc|iPhone.Deploy.0 = Release|Any CPU
		{9F6DA177-499C-4148-8FE4-6A2C9F1E3960}.Ad-Hoc|iPhoneSimulator.ActiveCfg = Release|Any CPU
		{9F6DA177-499C-4148-8FE4-6A2C9F1E3960}.Ad-Hoc|iPhoneSimulator.Build.0 = Release|Any CPU
		{9F6DA177-499C-4148-8FE4-6A2C9F1E3960}.Ad-Hoc|iPhoneSimulator.Deploy.0 = Release|Any CPU
		{9F6DA177-499C-4148-8FE4-6A2C9F1E3960}.Ad-Hoc|x64.ActiveCfg = Release|Any CPU
		{9F6DA177-499C-4148-8FE4-6A2C9F1E3960}.Ad-Hoc|x64.Build.0 = Release|Any CPU
		{9F6DA177-499C-4148-8FE4-6A2C9F1E3960}.Ad-Hoc|x64.Deploy.0 = Release|Any CPU
		{9F6DA177-499C-4148-8FE4-6A2C9F1E3960}.Ad-Hoc|x86.ActiveCfg = Release|Any CPU
		{9F6DA177-499C-4148-8FE4-6A2C9F1E3960}.Ad-Hoc|x86.Build.0 = Release|Any CPU
		{9F6DA177-499C-4148-8FE4-6A2C9F1E3960}.Ad-Hoc|x86.Deploy.0 = Release|Any CPU
		{9F6DA177-499C-4148-8FE4-6A2C9F1E3960}.AppStore|Any CPU.ActiveCfg = Release|Any CPU
		{9F6DA177-499C-4148-8FE4-6A2C9F1E3960}.AppStore|Any CPU.Build.0 = Release|Any CPU
		{9F6DA177-499C-4148-8FE4-6A2C9F1E3960}.AppStore|Any CPU.Deploy.0 = Release|Any CPU
		{9F6DA177-499C-4148-8FE4-6A2C9F1E3960}.AppStore|ARM.ActiveCfg = Release|Any CPU
		{9F6DA177-499C-4148-8FE4-6A2C9F1E3960}.AppStore|ARM.Build.0 = Release|Any CPU
		{9F6DA177-499C-4148-8FE4-6A2C9F1E3960}.AppStore|ARM.Deploy.0 = Release|Any CPU
		{9F6DA177-499C-4148-8FE4-6A2C9F1E3960}.AppStore|iPhone.ActiveCfg = Release|Any CPU
		{9F6DA177-499C-4148-8FE4-6A2C9F1E3960}.AppStore|iPhone.Build.0 = Release|Any CPU
		{9F6DA177-499C-4148-8FE4-6A2C9F1E3960}.AppStore|iPhone.Deploy.0 = Release|Any CPU
		{9F6DA177-499C-4148-8FE4-6A2C9F1E3960}.AppStore|iPhoneSimulator.ActiveCfg = Release|Any CPU
		{9F6DA177-499C-4148-8FE4-6A2C9F1E3960}.AppStore|iPhoneSimulator.Build.0 = Release|Any CPU
		{9F6DA177-499C-4148-8FE4-6A2C9F1E3960}.AppStore|iPhoneSimulator.Deploy.0 = Release|Any CPU
		{9F6DA177-499C-4148-8FE4-6A2C9F1E3960}.AppStore|x64.ActiveCfg = Release|Any CPU
		{9F6DA177-499C-4148-8FE4-6A2C9F1E3960}.AppStore|x64.Build.0 = Release|Any CPU
		{9F6DA177-499C-4148-8FE4-6A2C9F1E3960}.AppStore|x64.Deploy.0 = Release|Any CPU
		{9F6DA177-499C-4148-8FE4-6A2C9F1E3960}.AppStore|x86.ActiveCfg = Release|Any CPU
		{9F6DA177-499C-4148-8FE4-6A2C9F1E3960}.AppStore|x86.Build.0 = Release|Any CPU
		{9F6DA177-499C-4148-8FE4-6A2C9F1E3960}.AppStore|x86.Deploy.0 = Release|Any CPU
		{9F6DA177-499C-4148-8FE4-6A2C9F1E3960}.Debug|Any CPU.ActiveCfg = Debug|Any CPU
		{9F6DA177-499C-4148-8FE4-6A2C9F1E3960}.Debug|Any CPU.Build.0 = Debug|Any CPU
		{9F6DA177-499C-4148-8FE4-6A2C9F1E3960}.Debug|Any CPU.Deploy.0 = Debug|Any CPU
		{9F6DA177-499C-4148-8FE4-6A2C9F1E3960}.Debug|ARM.ActiveCfg = Debug|Any CPU
		{9F6DA177-499C-4148-8FE4-6A2C9F1E3960}.Debug|ARM.Build.0 = Debug|Any CPU
		{9F6DA177-499C-4148-8FE4-6A2C9F1E3960}.Debug|ARM.Deploy.0 = Debug|Any CPU
		{9F6DA177-499C-4148-8FE4-6A2C9F1E3960}.Debug|iPhone.ActiveCfg = Debug|Any CPU
		{9F6DA177-499C-4148-8FE4-6A2C9F1E3960}.Debug|iPhone.Build.0 = Debug|Any CPU
		{9F6DA177-499C-4148-8FE4-6A2C9F1E3960}.Debug|iPhone.Deploy.0 = Debug|Any CPU
		{9F6DA177-499C-4148-8FE4-6A2C9F1E3960}.Debug|iPhoneSimulator.ActiveCfg = Debug|Any CPU
		{9F6DA177-499C-4148-8FE4-6A2C9F1E3960}.Debug|iPhoneSimulator.Build.0 = Debug|Any CPU
		{9F6DA177-499C-4148-8FE4-6A2C9F1E3960}.Debug|iPhoneSimulator.Deploy.0 = Debug|Any CPU
		{9F6DA177-499C-4148-8FE4-6A2C9F1E3960}.Debug|x64.ActiveCfg = Debug|Any CPU
		{9F6DA177-499C-4148-8FE4-6A2C9F1E3960}.Debug|x64.Build.0 = Debug|Any CPU
		{9F6DA177-499C-4148-8FE4-6A2C9F1E3960}.Debug|x64.Deploy.0 = Debug|Any CPU
		{9F6DA177-499C-4148-8FE4-6A2C9F1E3960}.Debug|x86.ActiveCfg = Debug|Any CPU
		{9F6DA177-499C-4148-8FE4-6A2C9F1E3960}.Debug|x86.Build.0 = Debug|Any CPU
		{9F6DA177-499C-4148-8FE4-6A2C9F1E3960}.Debug|x86.Deploy.0 = Debug|Any CPU
		{9F6DA177-499C-4148-8FE4-6A2C9F1E3960}.Release|Any CPU.ActiveCfg = Release|Any CPU
		{9F6DA177-499C-4148-8FE4-6A2C9F1E3960}.Release|Any CPU.Build.0 = Release|Any CPU
		{9F6DA177-499C-4148-8FE4-6A2C9F1E3960}.Release|Any CPU.Deploy.0 = Release|Any CPU
		{9F6DA177-499C-4148-8FE4-6A2C9F1E3960}.Release|ARM.ActiveCfg = Release|Any CPU
		{9F6DA177-499C-4148-8FE4-6A2C9F1E3960}.Release|ARM.Build.0 = Release|Any CPU
		{9F6DA177-499C-4148-8FE4-6A2C9F1E3960}.Release|ARM.Deploy.0 = Release|Any CPU
		{9F6DA177-499C-4148-8FE4-6A2C9F1E3960}.Release|iPhone.ActiveCfg = Release|Any CPU
		{9F6DA177-499C-4148-8FE4-6A2C9F1E3960}.Release|iPhone.Build.0 = Release|Any CPU
		{9F6DA177-499C-4148-8FE4-6A2C9F1E3960}.Release|iPhone.Deploy.0 = Release|Any CPU
		{9F6DA177-499C-4148-8FE4-6A2C9F1E3960}.Release|iPhoneSimulator.ActiveCfg = Release|Any CPU
		{9F6DA177-499C-4148-8FE4-6A2C9F1E3960}.Release|iPhoneSimulator.Build.0 = Release|Any CPU
		{9F6DA177-499C-4148-8FE4-6A2C9F1E3960}.Release|iPhoneSimulator.Deploy.0 = Release|Any CPU
		{9F6DA177-499C-4148-8FE4-6A2C9F1E3960}.Release|x64.ActiveCfg = Release|Any CPU
		{9F6DA177-499C-4148-8FE4-6A2C9F1E3960}.Release|x64.Build.0 = Release|Any CPU
		{9F6DA177-499C-4148-8FE4-6A2C9F1E3960}.Release|x64.Deploy.0 = Release|Any CPU
		{9F6DA177-499C-4148-8FE4-6A2C9F1E3960}.Release|x86.ActiveCfg = Release|Any CPU
		{9F6DA177-499C-4148-8FE4-6A2C9F1E3960}.Release|x86.Build.0 = Release|Any CPU
		{9F6DA177-499C-4148-8FE4-6A2C9F1E3960}.Release|x86.Deploy.0 = Release|Any CPU
		{9D1CB95F-1631-4CF5-9E67-4B2993D90351}.Ad-Hoc|Any CPU.ActiveCfg = Ad-Hoc|iPhone
		{9D1CB95F-1631-4CF5-9E67-4B2993D90351}.Ad-Hoc|ARM.ActiveCfg = Ad-Hoc|iPhone
		{9D1CB95F-1631-4CF5-9E67-4B2993D90351}.Ad-Hoc|iPhone.ActiveCfg = Ad-Hoc|iPhone
		{9D1CB95F-1631-4CF5-9E67-4B2993D90351}.Ad-Hoc|iPhone.Build.0 = Ad-Hoc|iPhone
		{9D1CB95F-1631-4CF5-9E67-4B2993D90351}.Ad-Hoc|iPhoneSimulator.ActiveCfg = Ad-Hoc|iPhoneSimulator
		{9D1CB95F-1631-4CF5-9E67-4B2993D90351}.Ad-Hoc|iPhoneSimulator.Build.0 = Ad-Hoc|iPhoneSimulator
		{9D1CB95F-1631-4CF5-9E67-4B2993D90351}.Ad-Hoc|x64.ActiveCfg = Ad-Hoc|iPhone
		{9D1CB95F-1631-4CF5-9E67-4B2993D90351}.Ad-Hoc|x86.ActiveCfg = Ad-Hoc|iPhone
		{9D1CB95F-1631-4CF5-9E67-4B2993D90351}.AppStore|Any CPU.ActiveCfg = AppStore|iPhone
		{9D1CB95F-1631-4CF5-9E67-4B2993D90351}.AppStore|ARM.ActiveCfg = AppStore|iPhone
		{9D1CB95F-1631-4CF5-9E67-4B2993D90351}.AppStore|iPhone.ActiveCfg = AppStore|iPhone
		{9D1CB95F-1631-4CF5-9E67-4B2993D90351}.AppStore|iPhone.Build.0 = AppStore|iPhone
		{9D1CB95F-1631-4CF5-9E67-4B2993D90351}.AppStore|iPhoneSimulator.ActiveCfg = AppStore|iPhoneSimulator
		{9D1CB95F-1631-4CF5-9E67-4B2993D90351}.AppStore|iPhoneSimulator.Build.0 = AppStore|iPhoneSimulator
		{9D1CB95F-1631-4CF5-9E67-4B2993D90351}.AppStore|x64.ActiveCfg = AppStore|iPhone
		{9D1CB95F-1631-4CF5-9E67-4B2993D90351}.AppStore|x86.ActiveCfg = AppStore|iPhone
		{9D1CB95F-1631-4CF5-9E67-4B2993D90351}.Debug|Any CPU.ActiveCfg = Debug|iPhone
		{9D1CB95F-1631-4CF5-9E67-4B2993D90351}.Debug|ARM.ActiveCfg = Debug|iPhone
		{9D1CB95F-1631-4CF5-9E67-4B2993D90351}.Debug|iPhone.ActiveCfg = Debug|iPhone
		{9D1CB95F-1631-4CF5-9E67-4B2993D90351}.Debug|iPhone.Build.0 = Debug|iPhone
		{9D1CB95F-1631-4CF5-9E67-4B2993D90351}.Debug|iPhoneSimulator.ActiveCfg = Debug|iPhoneSimulator
		{9D1CB95F-1631-4CF5-9E67-4B2993D90351}.Debug|iPhoneSimulator.Build.0 = Debug|iPhoneSimulator
		{9D1CB95F-1631-4CF5-9E67-4B2993D90351}.Debug|x64.ActiveCfg = Debug|iPhone
		{9D1CB95F-1631-4CF5-9E67-4B2993D90351}.Debug|x86.ActiveCfg = Debug|iPhone
		{9D1CB95F-1631-4CF5-9E67-4B2993D90351}.Release|Any CPU.ActiveCfg = Release|iPhone
		{9D1CB95F-1631-4CF5-9E67-4B2993D90351}.Release|ARM.ActiveCfg = Release|iPhone
		{9D1CB95F-1631-4CF5-9E67-4B2993D90351}.Release|iPhone.ActiveCfg = Release|iPhone
		{9D1CB95F-1631-4CF5-9E67-4B2993D90351}.Release|iPhone.Build.0 = Release|iPhone
		{9D1CB95F-1631-4CF5-9E67-4B2993D90351}.Release|iPhoneSimulator.ActiveCfg = Release|iPhoneSimulator
		{9D1CB95F-1631-4CF5-9E67-4B2993D90351}.Release|iPhoneSimulator.Build.0 = Release|iPhoneSimulator
		{9D1CB95F-1631-4CF5-9E67-4B2993D90351}.Release|x64.ActiveCfg = Release|iPhone
		{9D1CB95F-1631-4CF5-9E67-4B2993D90351}.Release|x86.ActiveCfg = Release|iPhone
		{917DC672-9A48-4410-849A-18729ECE7550}.Ad-Hoc|Any CPU.ActiveCfg = Release|Any CPU
		{917DC672-9A48-4410-849A-18729ECE7550}.Ad-Hoc|Any CPU.Build.0 = Release|Any CPU
		{917DC672-9A48-4410-849A-18729ECE7550}.Ad-Hoc|ARM.ActiveCfg = Release|Any CPU
		{917DC672-9A48-4410-849A-18729ECE7550}.Ad-Hoc|ARM.Build.0 = Release|Any CPU
		{917DC672-9A48-4410-849A-18729ECE7550}.Ad-Hoc|iPhone.ActiveCfg = Release|Any CPU
		{917DC672-9A48-4410-849A-18729ECE7550}.Ad-Hoc|iPhone.Build.0 = Release|Any CPU
		{917DC672-9A48-4410-849A-18729ECE7550}.Ad-Hoc|iPhoneSimulator.ActiveCfg = Release|Any CPU
		{917DC672-9A48-4410-849A-18729ECE7550}.Ad-Hoc|iPhoneSimulator.Build.0 = Release|Any CPU
		{917DC672-9A48-4410-849A-18729ECE7550}.Ad-Hoc|x64.ActiveCfg = Release|Any CPU
		{917DC672-9A48-4410-849A-18729ECE7550}.Ad-Hoc|x64.Build.0 = Release|Any CPU
		{917DC672-9A48-4410-849A-18729ECE7550}.Ad-Hoc|x86.ActiveCfg = Release|Any CPU
		{917DC672-9A48-4410-849A-18729ECE7550}.Ad-Hoc|x86.Build.0 = Release|Any CPU
		{917DC672-9A48-4410-849A-18729ECE7550}.AppStore|Any CPU.ActiveCfg = Release|Any CPU
		{917DC672-9A48-4410-849A-18729ECE7550}.AppStore|Any CPU.Build.0 = Release|Any CPU
		{917DC672-9A48-4410-849A-18729ECE7550}.AppStore|ARM.ActiveCfg = Release|Any CPU
		{917DC672-9A48-4410-849A-18729ECE7550}.AppStore|ARM.Build.0 = Release|Any CPU
		{917DC672-9A48-4410-849A-18729ECE7550}.AppStore|iPhone.ActiveCfg = Release|Any CPU
		{917DC672-9A48-4410-849A-18729ECE7550}.AppStore|iPhone.Build.0 = Release|Any CPU
		{917DC672-9A48-4410-849A-18729ECE7550}.AppStore|iPhoneSimulator.ActiveCfg = Release|Any CPU
		{917DC672-9A48-4410-849A-18729ECE7550}.AppStore|iPhoneSimulator.Build.0 = Release|Any CPU
		{917DC672-9A48-4410-849A-18729ECE7550}.AppStore|x64.ActiveCfg = Release|Any CPU
		{917DC672-9A48-4410-849A-18729ECE7550}.AppStore|x64.Build.0 = Release|Any CPU
		{917DC672-9A48-4410-849A-18729ECE7550}.AppStore|x86.ActiveCfg = Release|Any CPU
		{917DC672-9A48-4410-849A-18729ECE7550}.AppStore|x86.Build.0 = Release|Any CPU
		{917DC672-9A48-4410-849A-18729ECE7550}.Debug|Any CPU.ActiveCfg = Debug|Any CPU
		{917DC672-9A48-4410-849A-18729ECE7550}.Debug|Any CPU.Build.0 = Debug|Any CPU
		{917DC672-9A48-4410-849A-18729ECE7550}.Debug|ARM.ActiveCfg = Debug|Any CPU
		{917DC672-9A48-4410-849A-18729ECE7550}.Debug|ARM.Build.0 = Debug|Any CPU
		{917DC672-9A48-4410-849A-18729ECE7550}.Debug|iPhone.ActiveCfg = Debug|Any CPU
		{917DC672-9A48-4410-849A-18729ECE7550}.Debug|iPhone.Build.0 = Debug|Any CPU
		{917DC672-9A48-4410-849A-18729ECE7550}.Debug|iPhoneSimulator.ActiveCfg = Debug|Any CPU
		{917DC672-9A48-4410-849A-18729ECE7550}.Debug|iPhoneSimulator.Build.0 = Debug|Any CPU
		{917DC672-9A48-4410-849A-18729ECE7550}.Debug|x64.ActiveCfg = Debug|Any CPU
		{917DC672-9A48-4410-849A-18729ECE7550}.Debug|x64.Build.0 = Debug|Any CPU
		{917DC672-9A48-4410-849A-18729ECE7550}.Debug|x86.ActiveCfg = Debug|Any CPU
		{917DC672-9A48-4410-849A-18729ECE7550}.Debug|x86.Build.0 = Debug|Any CPU
		{917DC672-9A48-4410-849A-18729ECE7550}.Release|Any CPU.ActiveCfg = Release|Any CPU
		{917DC672-9A48-4410-849A-18729ECE7550}.Release|Any CPU.Build.0 = Release|Any CPU
		{917DC672-9A48-4410-849A-18729ECE7550}.Release|ARM.ActiveCfg = Release|Any CPU
		{917DC672-9A48-4410-849A-18729ECE7550}.Release|ARM.Build.0 = Release|Any CPU
		{917DC672-9A48-4410-849A-18729ECE7550}.Release|iPhone.ActiveCfg = Release|Any CPU
		{917DC672-9A48-4410-849A-18729ECE7550}.Release|iPhone.Build.0 = Release|Any CPU
		{917DC672-9A48-4410-849A-18729ECE7550}.Release|iPhoneSimulator.ActiveCfg = Release|Any CPU
		{917DC672-9A48-4410-849A-18729ECE7550}.Release|iPhoneSimulator.Build.0 = Release|Any CPU
		{917DC672-9A48-4410-849A-18729ECE7550}.Release|x64.ActiveCfg = Release|Any CPU
		{917DC672-9A48-4410-849A-18729ECE7550}.Release|x64.Build.0 = Release|Any CPU
		{917DC672-9A48-4410-849A-18729ECE7550}.Release|x86.ActiveCfg = Release|Any CPU
		{917DC672-9A48-4410-849A-18729ECE7550}.Release|x86.Build.0 = Release|Any CPU
	EndGlobalSection
	GlobalSection(SolutionProperties) = preSolution
		HideSolutionNode = FALSE
	EndGlobalSection
EndGlobal
